
Microsoft Visual Studio Solution File, Format Version 10.00
# Visual Studio 2008
Project("{FAE04EC0-301F-11D3-BF4B-00C04F79EFBC}") = "ProcessMemoryAnalyzer", "ProcessMemoryAnalyzer\ProcessMemoryAnalyzer.csproj", "{B21E52A2-4719-4636-A389-65997F898C19}"
EndProject
Project("{FAE04EC0-301F-11D3-BF4B-00C04F79EFBC}") = "PMAUtils", "PMAUtils\PMAUtils.csproj", "{3AD8D720-A6E4-4D4B-B94D-4E78BE843520}"
EndProject
Project("{FAE04EC0-301F-11D3-BF4B-00C04F79EFBC}") = "PMAReportGen", "PMAReportGen\PMAReportGen.csproj", "{3EB04E5B-E69E-4DBE-94A4-1F836AB6B10A}"
EndProject
Project("{FAE04EC0-301F-11D3-BF4B-00C04F79EFBC}") = "PMASystemAnalyzer", "PMASystemAnalyzer\PMASystemAnalyzer.csproj", "{0F7EC0D7-D320-465F-B8F9-400D7E7C8E63}"
EndProject
Project("{2150E333-8FDC-42A3-9474-1A3956D46DE8}") = "Setups", "Setups", "{C3CAFF19-8D71-42A9-94F4-8E739101A325}"
EndProject
Project("{2150E333-8FDC-42A3-9474-1A3956D46DE8}") = "PMA", "PMA", "{DEDFF35C-77F3-40F4-9234-E9C2C9C8D68F}"
EndProject
Project("{2150E333-8FDC-42A3-9474-1A3956D46DE8}") = "PMASysAnalyzer", "PMASysAnalyzer", "{8962B191-EBD2-49CE-B863-3C4EFC940F22}"
EndProject
Project("{FAE04EC0-301F-11D3-BF4B-00C04F79EFBC}") = "PMASysAlertsUI", "PMASysAlertsUI\PMASysAlertsUI.csproj", "{583C500D-04BA-410F-BD9C-6ADF55E2213F}"
	ProjectSection(ProjectDependencies) = postProject
		{FA6EB5D6-2E5F-4F5B-9319-B82F243F00EE} = {FA6EB5D6-2E5F-4F5B-9319-B82F243F00EE}
	EndProjectSection
EndProject
Project("{FAE04EC0-301F-11D3-BF4B-00C04F79EFBC}") = "PMAAlertService", "PMAAlertService\PMAAlertService.csproj", "{FA6EB5D6-2E5F-4F5B-9319-B82F243F00EE}"
EndProject
Project("{FAE04EC0-301F-11D3-BF4B-00C04F79EFBC}") = "PMASysAlertsTestApp", "PMASysAlertsTestApp\PMASysAlertsTestApp.csproj", "{1C30CDF2-0233-49CA-803C-0F03ABBFF047}"
EndProject
Project("{54435603-DBB4-11D2-8724-00A0C9A8B90C}") = "PMASysAlert", "PMASysAlertSetup\PMASysAlertSetup.vdproj", "{0D330909-CAB4-42CE-8A33-0956F8C55B11}"
EndProject
Project("{FAE04EC0-301F-11D3-BF4B-00C04F79EFBC}") = "PMATestApplication", "PMATestApplication\PMATestApplication.csproj", "{25B3C3DF-4204-4D84-A542-A56050A135F0}"
EndProject
Project("{FAE04EC0-301F-11D3-BF4B-00C04F79EFBC}") = "PMAConfigManager", "PMAConfigManager\PMAConfigManager.csproj", "{954AA129-AB47-4E49-B739-174AC64B7770}"
EndProject
Project("{FAE04EC0-301F-11D3-BF4B-00C04F79EFBC}") = "PMAInfoManager", "PMAInfoManager\PMAInfoManager.csproj", "{66628469-3255-430A-834D-EB192F32D6C3}"
EndProject
Project("{2150E333-8FDC-42A3-9474-1A3956D46DE8}") = "PMAClient", "PMAClient", "{712B19B7-7C79-4A89-A510-25C6C9B4E8B4}"
EndProject
Project("{FAE04EC0-301F-11D3-BF4B-00C04F79EFBC}") = "PMAClient", "PMAClient\PMAClient.csproj", "{8DAC33F7-60EF-4B54-8723-AB296175E09D}"
EndProject
Global
	GlobalSection(SolutionConfigurationPlatforms) = preSolution
		Debug|Any CPU = Debug|Any CPU
		Release|Any CPU = Release|Any CPU
	EndGlobalSection
	GlobalSection(ProjectConfigurationPlatforms) = postSolution
		{B21E52A2-4719-4636-A389-65997F898C19}.Debug|Any CPU.ActiveCfg = Debug|Any CPU
		{B21E52A2-4719-4636-A389-65997F898C19}.Debug|Any CPU.Build.0 = Debug|Any CPU
		{B21E52A2-4719-4636-A389-65997F898C19}.Release|Any CPU.ActiveCfg = Release|Any CPU
		{B21E52A2-4719-4636-A389-65997F898C19}.Release|Any CPU.Build.0 = Release|Any CPU
		{3AD8D720-A6E4-4D4B-B94D-4E78BE843520}.Debug|Any CPU.ActiveCfg = Debug|Any CPU
		{3AD8D720-A6E4-4D4B-B94D-4E78BE843520}.Debug|Any CPU.Build.0 = Debug|Any CPU
		{3AD8D720-A6E4-4D4B-B94D-4E78BE843520}.Release|Any CPU.ActiveCfg = Release|Any CPU
		{3AD8D720-A6E4-4D4B-B94D-4E78BE843520}.Release|Any CPU.Build.0 = Release|Any CPU
		{3EB04E5B-E69E-4DBE-94A4-1F836AB6B10A}.Debug|Any CPU.ActiveCfg = Debug|Any CPU
		{3EB04E5B-E69E-4DBE-94A4-1F836AB6B10A}.Debug|Any CPU.Build.0 = Debug|Any CPU
		{3EB04E5B-E69E-4DBE-94A4-1F836AB6B10A}.Release|Any CPU.ActiveCfg = Release|Any CPU
		{3EB04E5B-E69E-4DBE-94A4-1F836AB6B10A}.Release|Any CPU.Build.0 = Release|Any CPU
		{0F7EC0D7-D320-465F-B8F9-400D7E7C8E63}.Debug|Any CPU.ActiveCfg = Debug|Any CPU
		{0F7EC0D7-D320-465F-B8F9-400D7E7C8E63}.Debug|Any CPU.Build.0 = Debug|Any CPU
		{0F7EC0D7-D320-465F-B8F9-400D7E7C8E63}.Release|Any CPU.ActiveCfg = Release|Any CPU
		{0F7EC0D7-D320-465F-B8F9-400D7E7C8E63}.Release|Any CPU.Build.0 = Release|Any CPU
		{583C500D-04BA-410F-BD9C-6ADF55E2213F}.Debug|Any CPU.ActiveCfg = Debug|Any CPU
		{583C500D-04BA-410F-BD9C-6ADF55E2213F}.Debug|Any CPU.Build.0 = Debug|Any CPU
		{583C500D-04BA-410F-BD9C-6ADF55E2213F}.Release|Any CPU.ActiveCfg = Release|Any CPU
		{583C500D-04BA-410F-BD9C-6ADF55E2213F}.Release|Any CPU.Build.0 = Release|Any CPU
		{FA6EB5D6-2E5F-4F5B-9319-B82F243F00EE}.Debug|Any CPU.ActiveCfg = Debug|Any CPU
		{FA6EB5D6-2E5F-4F5B-9319-B82F243F00EE}.Debug|Any CPU.Build.0 = Debug|Any CPU
		{FA6EB5D6-2E5F-4F5B-9319-B82F243F00EE}.Release|Any CPU.ActiveCfg = Release|Any CPU
		{FA6EB5D6-2E5F-4F5B-9319-B82F243F00EE}.Release|Any CPU.Build.0 = Release|Any CPU
		{1C30CDF2-0233-49CA-803C-0F03ABBFF047}.Debug|Any CPU.ActiveCfg = Debug|Any CPU
		{1C30CDF2-0233-49CA-803C-0F03ABBFF047}.Debug|Any CPU.Build.0 = Debug|Any CPU
		{1C30CDF2-0233-49CA-803C-0F03ABBFF047}.Release|Any CPU.ActiveCfg = Release|Any CPU
		{1C30CDF2-0233-49CA-803C-0F03ABBFF047}.Release|Any CPU.Build.0 = Release|Any CPU
		{0D330909-CAB4-42CE-8A33-0956F8C55B11}.Debug|Any CPU.ActiveCfg = Debug
		{0D330909-CAB4-42CE-8A33-0956F8C55B11}.Release|Any CPU.ActiveCfg = Release
		{25B3C3DF-4204-4D84-A542-A56050A135F0}.Debug|Any CPU.ActiveCfg = Debug|Any CPU
		{25B3C3DF-4204-4D84-A542-A56050A135F0}.Debug|Any CPU.Build.0 = Debug|Any CPU
		{25B3C3DF-4204-4D84-A542-A56050A135F0}.Release|Any CPU.ActiveCfg = Release|Any CPU
		{25B3C3DF-4204-4D84-A542-A56050A135F0}.Release|Any CPU.Build.0 = Release|Any CPU
		{954AA129-AB47-4E49-B739-174AC64B7770}.Debug|Any CPU.ActiveCfg = Debug|Any CPU
		{954AA129-AB47-4E49-B739-174AC64B7770}.Debug|Any CPU.Build.0 = Debug|Any CPU
		{954AA129-AB47-4E49-B739-174AC64B7770}.Release|Any CPU.ActiveCfg = Release|Any CPU
		{954AA129-AB47-4E49-B739-174AC64B7770}.Release|Any CPU.Build.0 = Release|Any CPU
		{66628469-3255-430A-834D-EB192F32D6C3}.Debug|Any CPU.ActiveCfg = Debug|Any CPU
		{66628469-3255-430A-834D-EB192F32D6C3}.Debug|Any CPU.Build.0 = Debug|Any CPU
		{66628469-3255-430A-834D-EB192F32D6C3}.Release|Any CPU.ActiveCfg = Release|Any CPU
		{66628469-3255-430A-834D-EB192F32D6C3}.Release|Any CPU.Build.0 = Release|Any CPU
		{8DAC33F7-60EF-4B54-8723-AB296175E09D}.Debug|Any CPU.ActiveCfg = Debug|Any CPU
		{8DAC33F7-60EF-4B54-8723-AB296175E09D}.Debug|Any CPU.Build.0 = Debug|Any CPU
		{8DAC33F7-60EF-4B54-8723-AB296175E09D}.Release|Any CPU.ActiveCfg = Release|Any CPU
		{8DAC33F7-60EF-4B54-8723-AB296175E09D}.Release|Any CPU.Build.0 = Release|Any CPU
	EndGlobalSection
	GlobalSection(SolutionProperties) = preSolution
		HideSolutionNode = FALSE
	EndGlobalSection
	GlobalSection(NestedProjects) = preSolution
		{3EB04E5B-E69E-4DBE-94A4-1F836AB6B10A} = {DEDFF35C-77F3-40F4-9234-E9C2C9C8D68F}
		{B21E52A2-4719-4636-A389-65997F898C19} = {DEDFF35C-77F3-40F4-9234-E9C2C9C8D68F}
		{0F7EC0D7-D320-465F-B8F9-400D7E7C8E63} = {8962B191-EBD2-49CE-B863-3C4EFC940F22}
		{583C500D-04BA-410F-BD9C-6ADF55E2213F} = {8962B191-EBD2-49CE-B863-3C4EFC940F22}
		{FA6EB5D6-2E5F-4F5B-9319-B82F243F00EE} = {8962B191-EBD2-49CE-B863-3C4EFC940F22}
		{1C30CDF2-0233-49CA-803C-0F03ABBFF047} = {8962B191-EBD2-49CE-B863-3C4EFC940F22}
		{0D330909-CAB4-42CE-8A33-0956F8C55B11} = {C3CAFF19-8D71-42A9-94F4-8E739101A325}
		{8DAC33F7-60EF-4B54-8723-AB296175E09D} = {712B19B7-7C79-4A89-A510-25C6C9B4E8B4}
	EndGlobalSection
EndGlobal
