
Microsoft Visual Studio Solution File, Format Version 10.00
# Visual Studio 2008
Project("{FAE04EC0-301F-11D3-BF4B-00C04F79EFBC}") = "ProcessMemoryAnalyzer", "ProcessMemoryAnalyzer\ProcessMemoryAnalyzer.csproj", "{B21E52A2-4719-4636-A389-65997F898C19}"
EndProject
Project("{FAE04EC0-301F-11D3-BF4B-00C04F79EFBC}") = "PMAUtils", "PMAUtils\PMAUtils.csproj", "{3AD8D720-A6E4-4D4B-B94D-4E78BE843520}"
EndProject
Project("{FAE04EC0-301F-11D3-BF4B-00C04F79EFBC}") = "ProcessMemoryAnalyzerService", "ProcessMemoryAnalyzerService\ProcessMemoryAnalyzerService.csproj", "{135C247F-28D7-4AF0-B413-4640DD3D4438}"
EndProject
Project("{FAE04EC0-301F-11D3-BF4B-00C04F79EFBC}") = "PMAConsoleApp", "PMATestApp\PMAConsoleApp.csproj", "{AD20BC87-6876-4227-980E-9E0D08A69068}"
EndProject
Project("{FAE04EC0-301F-11D3-BF4B-00C04F79EFBC}") = "PMAReportGen", "PMAReportGen\PMAReportGen.csproj", "{3EB04E5B-E69E-4DBE-94A4-1F836AB6B10A}"
EndProject
Project("{54435603-DBB4-11D2-8724-00A0C9A8B90C}") = "PMASetup", "PMASetup\PMASetup.vdproj", "{0E38C8EB-F935-44F5-A620-84C83403ADE4}"
EndProject
Global
	GlobalSection(SolutionConfigurationPlatforms) = preSolution
		Debug|Any CPU = Debug|Any CPU
		Release|Any CPU = Release|Any CPU
	EndGlobalSection
	GlobalSection(ProjectConfigurationPlatforms) = postSolution
		{B21E52A2-4719-4636-A389-65997F898C19}.Debug|Any CPU.ActiveCfg = Debug|Any CPU
		{B21E52A2-4719-4636-A389-65997F898C19}.Debug|Any CPU.Build.0 = Debug|Any CPU
		{B21E52A2-4719-4636-A389-65997F898C19}.Release|Any CPU.ActiveCfg = Release|Any CPU
		{B21E52A2-4719-4636-A389-65997F898C19}.Release|Any CPU.Build.0 = Release|Any CPU
		{3AD8D720-A6E4-4D4B-B94D-4E78BE843520}.Debug|Any CPU.ActiveCfg = Debug|Any CPU
		{3AD8D720-A6E4-4D4B-B94D-4E78BE843520}.Debug|Any CPU.Build.0 = Debug|Any CPU
		{3AD8D720-A6E4-4D4B-B94D-4E78BE843520}.Release|Any CPU.ActiveCfg = Release|Any CPU
		{3AD8D720-A6E4-4D4B-B94D-4E78BE843520}.Release|Any CPU.Build.0 = Release|Any CPU
		{135C247F-28D7-4AF0-B413-4640DD3D4438}.Debug|Any CPU.ActiveCfg = Debug|Any CPU
		{135C247F-28D7-4AF0-B413-4640DD3D4438}.Debug|Any CPU.Build.0 = Debug|Any CPU
		{135C247F-28D7-4AF0-B413-4640DD3D4438}.Release|Any CPU.ActiveCfg = Release|Any CPU
		{135C247F-28D7-4AF0-B413-4640DD3D4438}.Release|Any CPU.Build.0 = Release|Any CPU
		{AD20BC87-6876-4227-980E-9E0D08A69068}.Debug|Any CPU.ActiveCfg = Debug|Any CPU
		{AD20BC87-6876-4227-980E-9E0D08A69068}.Debug|Any CPU.Build.0 = Debug|Any CPU
		{AD20BC87-6876-4227-980E-9E0D08A69068}.Release|Any CPU.ActiveCfg = Release|Any CPU
		{AD20BC87-6876-4227-980E-9E0D08A69068}.Release|Any CPU.Build.0 = Release|Any CPU
		{3EB04E5B-E69E-4DBE-94A4-1F836AB6B10A}.Debug|Any CPU.ActiveCfg = Debug|Any CPU
		{3EB04E5B-E69E-4DBE-94A4-1F836AB6B10A}.Debug|Any CPU.Build.0 = Debug|Any CPU
		{3EB04E5B-E69E-4DBE-94A4-1F836AB6B10A}.Release|Any CPU.ActiveCfg = Release|Any CPU
		{3EB04E5B-E69E-4DBE-94A4-1F836AB6B10A}.Release|Any CPU.Build.0 = Release|Any CPU
		{0E38C8EB-F935-44F5-A620-84C83403ADE4}.Debug|Any CPU.ActiveCfg = Debug
		{0E38C8EB-F935-44F5-A620-84C83403ADE4}.Release|Any CPU.ActiveCfg = Release
	EndGlobalSection
	GlobalSection(SolutionProperties) = preSolution
		HideSolutionNode = FALSE
	EndGlobalSection
EndGlobal
